
Microsoft Visual Studio Solution File, Format Version 12.00
# Visual Studio 15
VisualStudioVersion = 15.0.28307.572
MinimumVisualStudioVersion = 10.0.40219.1
Project("{FAE04EC0-301F-11D3-BF4B-00C04F79EFBC}") = "TestConnection", "TestConnection\TestConnection.csproj", "{232F5B74-D73A-4E0D-A80F-1AEDC602B4A1}"
EndProject
Global
	GlobalSection(SolutionConfigurationPlatforms) = preSolution
		Debug|Any CPU = Debug|Any CPU
		Release|Any CPU = Release|Any CPU
	EndGlobalSection
	GlobalSection(ProjectConfigurationPlatforms) = postSolution
		{232F5B74-D73A-4E0D-A80F-1AEDC602B4A1}.Debug|Any CPU.ActiveCfg = Debug|Any CPU
		{232F5B74-D73A-4E0D-A80F-1AEDC602B4A1}.Debug|Any CPU.Build.0 = Debug|Any CPU
		{232F5B74-D73A-4E0D-A80F-1AEDC602B4A1}.Release|Any CPU.ActiveCfg = Release|Any CPU
		{232F5B74-D73A-4E0D-A80F-1AEDC602B4A1}.Release|Any CPU.Build.0 = Release|Any CPU
	EndGlobalSection
	GlobalSection(SolutionProperties) = preSolution
		HideSolutionNode = FALSE
	EndGlobalSection
	GlobalSection(ExtensibilityGlobals) = postSolution
		SolutionGuid = {02CBFAA1-6C77-4615-8EE9-917002821D4F}
	EndGlobalSection
EndGlobal
